
Microsoft Visual Studio Solution File, Format Version 12.00
# Visual Studio 15
VisualStudioVersion = 15.0.28010.2019
MinimumVisualStudioVersion = 10.0.40219.1
Project("{FAE04EC0-301F-11D3-BF4B-00C04F79EFBC}") = "test og kvalitetssikring", "test og kvalitetssikring\test og kvalitetssikring.csproj", "{F7098738-9543-4A44-B31F-E8CE95BAC543}"
EndProject
Project("{FAE04EC0-301F-11D3-BF4B-00C04F79EFBC}") = "Unit Tests", "Unit Tests\Unit Tests.csproj", "{76C99F2B-F52A-4AB8-9990-0CAEB5F98170}"
EndProject
Global
	GlobalSection(SolutionConfigurationPlatforms) = preSolution
		Debug|Any CPU = Debug|Any CPU
		Release|Any CPU = Release|Any CPU
	EndGlobalSection
	GlobalSection(ProjectConfigurationPlatforms) = postSolution
		{F7098738-9543-4A44-B31F-E8CE95BAC543}.Debug|Any CPU.ActiveCfg = Debug|Any CPU
		{F7098738-9543-4A44-B31F-E8CE95BAC543}.Debug|Any CPU.Build.0 = Debug|Any CPU
		{F7098738-9543-4A44-B31F-E8CE95BAC543}.Release|Any CPU.ActiveCfg = Release|Any CPU
		{F7098738-9543-4A44-B31F-E8CE95BAC543}.Release|Any CPU.Build.0 = Release|Any CPU
		{76C99F2B-F52A-4AB8-9990-0CAEB5F98170}.Debug|Any CPU.ActiveCfg = Debug|Any CPU
		{76C99F2B-F52A-4AB8-9990-0CAEB5F98170}.Debug|Any CPU.Build.0 = Debug|Any CPU
		{76C99F2B-F52A-4AB8-9990-0CAEB5F98170}.Release|Any CPU.ActiveCfg = Release|Any CPU
		{76C99F2B-F52A-4AB8-9990-0CAEB5F98170}.Release|Any CPU.Build.0 = Release|Any CPU
	EndGlobalSection
	GlobalSection(SolutionProperties) = preSolution
		HideSolutionNode = FALSE
	EndGlobalSection
	GlobalSection(ExtensibilityGlobals) = postSolution
		SolutionGuid = {7F3F5609-098E-44E4-8FE3-99DF161427A4}
	EndGlobalSection
EndGlobal
