
Microsoft Visual Studio Solution File, Format Version 12.00
# Visual Studio 15
VisualStudioVersion = 15.0.28010.2019
MinimumVisualStudioVersion = 10.0.40219.1
Project("{FAE04EC0-301F-11D3-BF4B-00C04F79EFBC}") = "GraphExampleExamn", "GraphExampleExamn\GraphExampleExamn.csproj", "{F720F82A-D876-4113-9C00-F22A41E7E49D}"
EndProject
Global
	GlobalSection(SolutionConfigurationPlatforms) = preSolution
		Debug|Any CPU = Debug|Any CPU
		Release|Any CPU = Release|Any CPU
	EndGlobalSection
	GlobalSection(ProjectConfigurationPlatforms) = postSolution
		{F720F82A-D876-4113-9C00-F22A41E7E49D}.Debug|Any CPU.ActiveCfg = Debug|Any CPU
		{F720F82A-D876-4113-9C00-F22A41E7E49D}.Debug|Any CPU.Build.0 = Debug|Any CPU
		{F720F82A-D876-4113-9C00-F22A41E7E49D}.Release|Any CPU.ActiveCfg = Release|Any CPU
		{F720F82A-D876-4113-9C00-F22A41E7E49D}.Release|Any CPU.Build.0 = Release|Any CPU
	EndGlobalSection
	GlobalSection(SolutionProperties) = preSolution
		HideSolutionNode = FALSE
	EndGlobalSection
	GlobalSection(ExtensibilityGlobals) = postSolution
		SolutionGuid = {443091AD-045D-4659-8119-FAB3769DFF1A}
	EndGlobalSection
EndGlobal
